
Microsoft Visual Studio Solution File, Format Version 12.00
# Visual Studio Version 17
VisualStudioVersion = 17.14.36301.6
MinimumVisualStudioVersion = 10.0.40219.1
Project("{FAE04EC0-301F-11D3-BF4B-00C04F79EFBC}") = "BB.Web", "BB.Web\BB.Web.csproj", "{E3094B03-3D0F-4BD2-9F82-A0B3124C13DB}"
	ProjectSection(ProjectDependencies) = postProject
		{4623EC52-6D9F-4F35-8ADB-8FD4B51C0DED} = {4623EC52-6D9F-4F35-8ADB-8FD4B51C0DED}
		{5A8F46BB-38C8-4A04-8005-8559E9D09012} = {5A8F46BB-38C8-4A04-8005-8559E9D09012}
		{9EAC34EA-1B53-4320-BD91-7C2FA805147D} = {9EAC34EA-1B53-4320-BD91-7C2FA805147D}
	EndProjectSection
EndProject
Project("{FAE04EC0-301F-11D3-BF4B-00C04F79EFBC}") = "BB.Application", "BB.Application\BB.Application.csproj", "{4623EC52-6D9F-4F35-8ADB-8FD4B51C0DED}"
	ProjectSection(ProjectDependencies) = postProject
		{5A8F46BB-38C8-4A04-8005-8559E9D09012} = {5A8F46BB-38C8-4A04-8005-8559E9D09012}
	EndProjectSection
EndProject
Project("{FAE04EC0-301F-11D3-BF4B-00C04F79EFBC}") = "BB.Infrastructure", "BB.Infrastructure\BB.Infrastructure.csproj", "{9EAC34EA-1B53-4320-BD91-7C2FA805147D}"
	ProjectSection(ProjectDependencies) = postProject
		{4623EC52-6D9F-4F35-8ADB-8FD4B51C0DED} = {4623EC52-6D9F-4F35-8ADB-8FD4B51C0DED}
		{5A8F46BB-38C8-4A04-8005-8559E9D09012} = {5A8F46BB-38C8-4A04-8005-8559E9D09012}
	EndProjectSection
EndProject
Project("{FAE04EC0-301F-11D3-BF4B-00C04F79EFBC}") = "BB.Core", "BB.Core\BB.Core.csproj", "{5A8F46BB-38C8-4A04-8005-8559E9D09012}"
EndProject
Global
	GlobalSection(SolutionConfigurationPlatforms) = preSolution
		Debug|Any CPU = Debug|Any CPU
		Release|Any CPU = Release|Any CPU
	EndGlobalSection
	GlobalSection(ProjectConfigurationPlatforms) = postSolution
		{E3094B03-3D0F-4BD2-9F82-A0B3124C13DB}.Debug|Any CPU.ActiveCfg = Debug|Any CPU
		{E3094B03-3D0F-4BD2-9F82-A0B3124C13DB}.Debug|Any CPU.Build.0 = Debug|Any CPU
		{E3094B03-3D0F-4BD2-9F82-A0B3124C13DB}.Release|Any CPU.ActiveCfg = Release|Any CPU
		{E3094B03-3D0F-4BD2-9F82-A0B3124C13DB}.Release|Any CPU.Build.0 = Release|Any CPU
		{4623EC52-6D9F-4F35-8ADB-8FD4B51C0DED}.Debug|Any CPU.ActiveCfg = Debug|Any CPU
		{4623EC52-6D9F-4F35-8ADB-8FD4B51C0DED}.Debug|Any CPU.Build.0 = Debug|Any CPU
		{4623EC52-6D9F-4F35-8ADB-8FD4B51C0DED}.Release|Any CPU.ActiveCfg = Release|Any CPU
		{4623EC52-6D9F-4F35-8ADB-8FD4B51C0DED}.Release|Any CPU.Build.0 = Release|Any CPU
		{9EAC34EA-1B53-4320-BD91-7C2FA805147D}.Debug|Any CPU.ActiveCfg = Debug|Any CPU
		{9EAC34EA-1B53-4320-BD91-7C2FA805147D}.Debug|Any CPU.Build.0 = Debug|Any CPU
		{9EAC34EA-1B53-4320-BD91-7C2FA805147D}.Release|Any CPU.ActiveCfg = Release|Any CPU
		{9EAC34EA-1B53-4320-BD91-7C2FA805147D}.Release|Any CPU.Build.0 = Release|Any CPU
		{5A8F46BB-38C8-4A04-8005-8559E9D09012}.Debug|Any CPU.ActiveCfg = Debug|Any CPU
		{5A8F46BB-38C8-4A04-8005-8559E9D09012}.Debug|Any CPU.Build.0 = Debug|Any CPU
		{5A8F46BB-38C8-4A04-8005-8559E9D09012}.Release|Any CPU.ActiveCfg = Release|Any CPU
		{5A8F46BB-38C8-4A04-8005-8559E9D09012}.Release|Any CPU.Build.0 = Release|Any CPU
	EndGlobalSection
	GlobalSection(SolutionProperties) = preSolution
		HideSolutionNode = FALSE
	EndGlobalSection
	GlobalSection(ExtensibilityGlobals) = postSolution
		SolutionGuid = {8D9DB141-E2F4-4D31-A27A-DDFA9C1F71F0}
	EndGlobalSection
EndGlobal
